
Microsoft Visual Studio Solution File, Format Version 12.00
# Visual Studio 14
VisualStudioVersion = 14.0.25420.1
MinimumVisualStudioVersion = 10.0.40219.1
Project("{FAE04EC0-301F-11D3-BF4B-00C04F79EFBC}") = "Project_TARDIS.S2_Starter", "Project_TARDIS.S2_Starter\Project_TARDIS.S2_Starter.csproj", "{D0724317-6E8C-4AB7-96CB-5309B3A0CA04}"
EndProject
Project("{2150E333-8FDC-42A3-9474-1A3956D46DE8}") = "Solution Items", "Solution Items", "{3BE5BC1B-047E-4F3A-8EEB-1AA741D39B30}"
EndProject
Global
	GlobalSection(SolutionConfigurationPlatforms) = preSolution
		Debug|Any CPU = Debug|Any CPU
		Release|Any CPU = Release|Any CPU
	EndGlobalSection
	GlobalSection(ProjectConfigurationPlatforms) = postSolution
		{D0724317-6E8C-4AB7-96CB-5309B3A0CA04}.Debug|Any CPU.ActiveCfg = Debug|Any CPU
		{D0724317-6E8C-4AB7-96CB-5309B3A0CA04}.Debug|Any CPU.Build.0 = Debug|Any CPU
		{D0724317-6E8C-4AB7-96CB-5309B3A0CA04}.Release|Any CPU.ActiveCfg = Release|Any CPU
		{D0724317-6E8C-4AB7-96CB-5309B3A0CA04}.Release|Any CPU.Build.0 = Release|Any CPU
	EndGlobalSection
	GlobalSection(SolutionProperties) = preSolution
		HideSolutionNode = FALSE
	EndGlobalSection
EndGlobal
